
Microsoft Visual Studio Solution File, Format Version 12.00
# Visual Studio 15
VisualStudioVersion = 15.0.28307.1231
MinimumVisualStudioVersion = 10.0.40219.1
Project("{FAE04EC0-301F-11D3-BF4B-00C04F79EFBC}") = "MarsRoverApp", "MarsRoverApp\MarsRoverApp.csproj", "{91C86DD7-C4B1-401A-9D24-AC448D002D44}"
EndProject
Project("{FAE04EC0-301F-11D3-BF4B-00C04F79EFBC}") = "RoverAppTest", "RoverAppTest\RoverAppTest.csproj", "{67B26185-64B9-4C05-8B81-BC8CAD6B4CBB}"
EndProject
Global
	GlobalSection(SolutionConfigurationPlatforms) = preSolution
		Debug|Any CPU = Debug|Any CPU
		Release|Any CPU = Release|Any CPU
	EndGlobalSection
	GlobalSection(ProjectConfigurationPlatforms) = postSolution
		{91C86DD7-C4B1-401A-9D24-AC448D002D44}.Debug|Any CPU.ActiveCfg = Debug|Any CPU
		{91C86DD7-C4B1-401A-9D24-AC448D002D44}.Debug|Any CPU.Build.0 = Debug|Any CPU
		{91C86DD7-C4B1-401A-9D24-AC448D002D44}.Release|Any CPU.ActiveCfg = Release|Any CPU
		{91C86DD7-C4B1-401A-9D24-AC448D002D44}.Release|Any CPU.Build.0 = Release|Any CPU
		{67B26185-64B9-4C05-8B81-BC8CAD6B4CBB}.Debug|Any CPU.ActiveCfg = Debug|Any CPU
		{67B26185-64B9-4C05-8B81-BC8CAD6B4CBB}.Debug|Any CPU.Build.0 = Debug|Any CPU
		{67B26185-64B9-4C05-8B81-BC8CAD6B4CBB}.Release|Any CPU.ActiveCfg = Release|Any CPU
		{67B26185-64B9-4C05-8B81-BC8CAD6B4CBB}.Release|Any CPU.Build.0 = Release|Any CPU
	EndGlobalSection
	GlobalSection(SolutionProperties) = preSolution
		HideSolutionNode = FALSE
	EndGlobalSection
	GlobalSection(ExtensibilityGlobals) = postSolution
		SolutionGuid = {BA3C92FE-902A-4251-B541-BE2DB8746F61}
	EndGlobalSection
EndGlobal
