
Microsoft Visual Studio Solution File, Format Version 12.00
# Visual Studio Version 16
VisualStudioVersion = 16.0.29102.190
MinimumVisualStudioVersion = 10.0.40219.1
Project("{FAE04EC0-301F-11D3-BF4B-00C04F79EFBC}") = "Rover", "Rover\Rover.csproj", "{B1A1FA16-F70E-4FF7-BCF6-B78438D35237}"
EndProject
Project("{FAE04EC0-301F-11D3-BF4B-00C04F79EFBC}") = "Rover.Tests", "Rover.Tests\Rover.Tests.csproj", "{B6218F97-7CFD-4E17-B78F-37BD5BC47C5D}"
EndProject
Global
	GlobalSection(SolutionConfigurationPlatforms) = preSolution
		Debug|Any CPU = Debug|Any CPU
		Release|Any CPU = Release|Any CPU
	EndGlobalSection
	GlobalSection(ProjectConfigurationPlatforms) = postSolution
		{B1A1FA16-F70E-4FF7-BCF6-B78438D35237}.Debug|Any CPU.ActiveCfg = Debug|Any CPU
		{B1A1FA16-F70E-4FF7-BCF6-B78438D35237}.Debug|Any CPU.Build.0 = Debug|Any CPU
		{B1A1FA16-F70E-4FF7-BCF6-B78438D35237}.Release|Any CPU.ActiveCfg = Release|Any CPU
		{B1A1FA16-F70E-4FF7-BCF6-B78438D35237}.Release|Any CPU.Build.0 = Release|Any CPU
		{B6218F97-7CFD-4E17-B78F-37BD5BC47C5D}.Debug|Any CPU.ActiveCfg = Debug|Any CPU
		{B6218F97-7CFD-4E17-B78F-37BD5BC47C5D}.Debug|Any CPU.Build.0 = Debug|Any CPU
		{B6218F97-7CFD-4E17-B78F-37BD5BC47C5D}.Release|Any CPU.ActiveCfg = Release|Any CPU
		{B6218F97-7CFD-4E17-B78F-37BD5BC47C5D}.Release|Any CPU.Build.0 = Release|Any CPU
	EndGlobalSection
	GlobalSection(SolutionProperties) = preSolution
		HideSolutionNode = FALSE
	EndGlobalSection
	GlobalSection(ExtensibilityGlobals) = postSolution
		SolutionGuid = {0D20AD73-1E7C-458C-907C-67E5A956B86C}
	EndGlobalSection
EndGlobal
